{
  "nodes": {
    "fetchurl-sources": {
      "flake": false,
      "locked": {
        "path": "./consumer-overridable/fetchurl-sources.nix",
        "type": "path"
      },
      "original": {
        "path": "./consumer-overridable/fetchurl-sources.nix",
        "type": "path"
      },
      "parent": [
        "xlibre-overlay"
      ]
    },
    "flake-parts": {
      "inputs": {
        "nixpkgs-lib": [
          "nur",
          "nixpkgs"
        ]
      },
      "locked": {
        "lastModified": 1733312601,
        "narHash": "sha256-4pDvzqnegAfRkPwO3wmwBhVi/Sye1mzps0zHWYnP88c=",
        "owner": "hercules-ci",
        "repo": "flake-parts",
        "rev": "205b12d8b7cd4802fbcb8e8ef6a0f1408781a4f9",
        "type": "github"
      },
      "original": {
        "owner": "hercules-ci",
        "repo": "flake-parts",
        "type": "github"
      }
    },
    "flake-parts_2": {
      "inputs": {
        "nixpkgs-lib": "nixpkgs-lib"
      },
      "locked": {
        "lastModified": 1762980239,
        "narHash": "sha256-8oNVE8TrD19ulHinjaqONf9QWCKK+w4url56cdStMpM=",
        "owner": "hercules-ci",
        "repo": "flake-parts",
        "rev": "52a2caecc898d0b46b2b905f058ccc5081f842da",
        "type": "github"
      },
      "original": {
        "owner": "hercules-ci",
        "repo": "flake-parts",
        "type": "github"
      }
    },
    "nix-flatpak": {
      "locked": {
        "lastModified": 1739444422,
        "narHash": "sha256-iAVVHi7X3kWORftY+LVbRiStRnQEob2TULWyjMS6dWg=",
        "owner": "gmodena",
        "repo": "nix-flatpak",
        "rev": "5e54c3ca05a7c7d968ae1ddeabe01d2a9bc1e177",
        "type": "github"
      },
      "original": {
        "owner": "gmodena",
        "ref": "latest",
        "repo": "nix-flatpak",
        "type": "github"
      }
    },
    "nixpkgs": {
      "locked": {
        "lastModified": 1766309749,
        "narHash": "sha256-3xY8CZ4rSnQ0NqGhMKAy5vgC+2IVK0NoVEzDoOh4DA4=",
        "owner": "NixOS",
        "repo": "nixpkgs",
        "rev": "a6531044f6d0bef691ea18d4d4ce44d0daa6e816",
        "type": "github"
      },
      "original": {
        "id": "nixpkgs",
        "ref": "nixos-unstable",
        "type": "indirect"
      }
    },
    "nixpkgs-lib": {
      "locked": {
        "lastModified": 1761765539,
        "narHash": "sha256-b0yj6kfvO8ApcSE+QmA6mUfu8IYG6/uU28OFn4PaC8M=",
        "owner": "nix-community",
        "repo": "nixpkgs.lib",
        "rev": "719359f4562934ae99f5443f20aa06c2ffff91fc",
        "type": "github"
      },
      "original": {
        "owner": "nix-community",
        "repo": "nixpkgs.lib",
        "type": "github"
      }
    },
    "nur": {
      "inputs": {
        "flake-parts": "flake-parts",
        "nixpkgs": [
          "nixpkgs"
        ]
      },
      "locked": {
        "lastModified": 1766643580,
        "narHash": "sha256-ERHS8xJQuQqqHa7Y+eLgVrgcg63pRN1v5CfyMVY0m28=",
        "owner": "nix-community",
        "repo": "NUR",
        "rev": "81789fe00bfba4d209ecf22faca29cfd1006a885",
        "type": "github"
      },
      "original": {
        "owner": "nix-community",
        "repo": "NUR",
        "type": "github"
      }
    },
    "root": {
      "inputs": {
        "nix-flatpak": "nix-flatpak",
        "nixpkgs": "nixpkgs",
        "nur": "nur",
        "xlibre-overlay": "xlibre-overlay"
      }
    },
    "systems": {
      "flake": false,
      "locked": {
        "path": "./systems.nix",
        "type": "path"
      },
      "original": {
        "path": "./systems.nix",
        "type": "path"
      },
      "parent": [
        "xlibre-overlay"
      ]
    },
    "xlibre-drivers-overlay-choice": {
      "flake": false,
      "locked": {
        "path": "./consumer-overridable/drivers-overlay-choice.nix",
        "type": "path"
      },
      "original": {
        "path": "./consumer-overridable/drivers-overlay-choice.nix",
        "type": "path"
      },
      "parent": [
        "xlibre-overlay"
      ]
    },
    "xlibre-overlay": {
      "inputs": {
        "fetchurl-sources": "fetchurl-sources",
        "flake-parts": "flake-parts_2",
        "nixpkgs": [
          "nixpkgs"
        ],
        "systems": "systems",
        "xlibre-drivers-overlay-choice": "xlibre-drivers-overlay-choice",
        "xserver-meson-flags": "xserver-meson-flags"
      },
      "locked": {
        "lastModified": 1766204441,
        "narHash": "sha256-CKoWqMDv7O81q6v6RTUGfMilx5aulOCw+HHdtkJM1qc=",
        "ref": "refs/heads/main",
        "rev": "bb35b081bb7256cbafb1c53c911985d86f51da04",
        "revCount": 140,
        "type": "git",
        "url": "https://codeberg.org/takagemacoed/xlibre-overlay"
      },
      "original": {
        "type": "git",
        "url": "https://codeberg.org/takagemacoed/xlibre-overlay"
      }
    },
    "xserver-meson-flags": {
      "flake": false,
      "locked": {
        "path": "./consumer-overridable/xserver-meson-flags.nix",
        "type": "path"
      },
      "original": {
        "path": "./consumer-overridable/xserver-meson-flags.nix",
        "type": "path"
      },
      "parent": [
        "xlibre-overlay"
      ]
    }
  },
  "root": "root",
  "version": 7
}
